
Microsoft Visual Studio Solution File, Format Version 12.00
# Visual Studio Version 17
VisualStudioVersion = 17.5.33424.131
MinimumVisualStudioVersion = 10.0.40219.1
Project("{9A19103F-16F7-4668-BE54-9A1E7A4F7556}") = "Nite.API", "Nite.API\Nite.API.csproj", "{E6CBEAB9-C075-42CE-89A7-ED187342D1F8}"
EndProject
Project("{FAE04EC0-301F-11D3-BF4B-00C04F79EFBC}") = "NiteTests", "NiteTests\NiteTests.csproj", "{4EAB05F1-7F71-4082-869D-60EB7325F09D}"
EndProject
Global
	GlobalSection(SolutionConfigurationPlatforms) = preSolution
		Debug|Any CPU = Debug|Any CPU
		Release|Any CPU = Release|Any CPU
	EndGlobalSection
	GlobalSection(ProjectConfigurationPlatforms) = postSolution
		{E6CBEAB9-C075-42CE-89A7-ED187342D1F8}.Debug|Any CPU.ActiveCfg = Debug|Any CPU
		{E6CBEAB9-C075-42CE-89A7-ED187342D1F8}.Debug|Any CPU.Build.0 = Debug|Any CPU
		{E6CBEAB9-C075-42CE-89A7-ED187342D1F8}.Release|Any CPU.ActiveCfg = Release|Any CPU
		{E6CBEAB9-C075-42CE-89A7-ED187342D1F8}.Release|Any CPU.Build.0 = Release|Any CPU
		{4EAB05F1-7F71-4082-869D-60EB7325F09D}.Debug|Any CPU.ActiveCfg = Debug|Any CPU
		{4EAB05F1-7F71-4082-869D-60EB7325F09D}.Debug|Any CPU.Build.0 = Debug|Any CPU
		{4EAB05F1-7F71-4082-869D-60EB7325F09D}.Release|Any CPU.ActiveCfg = Release|Any CPU
		{4EAB05F1-7F71-4082-869D-60EB7325F09D}.Release|Any CPU.Build.0 = Release|Any CPU
	EndGlobalSection
	GlobalSection(SolutionProperties) = preSolution
		HideSolutionNode = FALSE
	EndGlobalSection
	GlobalSection(ExtensibilityGlobals) = postSolution
		SolutionGuid = {A92E4043-315C-40E2-8FBC-7BFE01ADC731}
	EndGlobalSection
EndGlobal
